// !$*UTF8*$!
{
	archiveVersion = 1;
	classes = {
	};
	objectVersion = 46;
	objects = {

/* Begin PBXBuildFile section */
		41F3F17EBCC5F8FE8FD392A1 /* Pods_AflamiAppTests.framework in Frameworks */ = {isa = PBXBuildFile; fileRef = 891043126FF0672AF068FEE8 /* Pods_AflamiAppTests.framework */; };
		581EEC5A1826879BE2E29DF6 /* Pods_AflamiAppUITests.framework in Frameworks */ = {isa = PBXBuildFile; fileRef = EE0BB60B8D49D8341C11A46C /* Pods_AflamiAppUITests.framework */; };
		9EA1D44ABFC4B33D8C7CA1F1 /* Pods_AflamiApp.framework in Frameworks */ = {isa = PBXBuildFile; fileRef = 5F56D9A0FEE38E977BB4ED6E /* Pods_AflamiApp.framework */; };
		E20C3BBA2256CC6600CCCB67 /* ShowMovieVC.swift in Sources */ = {isa = PBXBuildFile; fileRef = E20C3BB92256CC6600CCCB67 /* ShowMovieVC.swift */; };
		E25C335C22540BBF00329ADD /* AppDelegate.swift in Sources */ = {isa = PBXBuildFile; fileRef = E25C335B22540BBF00329ADD /* AppDelegate.swift */; };
		E25C336122540BBF00329ADD /* Main.storyboard in Resources */ = {isa = PBXBuildFile; fileRef = E25C335F22540BBF00329ADD /* Main.storyboard */; };
		E25C336422540BBF00329ADD /* AflamiApp.xcdatamodeld in Sources */ = {isa = PBXBuildFile; fileRef = E25C336222540BBF00329ADD /* AflamiApp.xcdatamodeld */; };
		E25C336622540BBF00329ADD /* Assets.xcassets in Resources */ = {isa = PBXBuildFile; fileRef = E25C336522540BBF00329ADD /* Assets.xcassets */; };
		E25C336922540BBF00329ADD /* LaunchScreen.storyboard in Resources */ = {isa = PBXBuildFile; fileRef = E25C336722540BBF00329ADD /* LaunchScreen.storyboard */; };
		E25C337422540BBF00329ADD /* AflamiAppTests.swift in Sources */ = {isa = PBXBuildFile; fileRef = E25C337322540BBF00329ADD /* AflamiAppTests.swift */; };
		E25C337F22540BBF00329ADD /* AflamiAppUITests.swift in Sources */ = {isa = PBXBuildFile; fileRef = E25C337E22540BBF00329ADD /* AflamiAppUITests.swift */; };
		E25C339022540CD400329ADD /* ModelLayer.swift in Sources */ = {isa = PBXBuildFile; fileRef = E25C338F22540CD400329ADD /* ModelLayer.swift */; };
		E25C339522540D8300329ADD /* Trailer.swift in Sources */ = {isa = PBXBuildFile; fileRef = E25C339422540D8300329ADD /* Trailer.swift */; };
		E25C339722540D9A00329ADD /* Review.swift in Sources */ = {isa = PBXBuildFile; fileRef = E25C339622540D9A00329ADD /* Review.swift */; };
		E25C339A22540E1500329ADD /* NetworkLayer.swift in Sources */ = {isa = PBXBuildFile; fileRef = E25C339922540E1500329ADD /* NetworkLayer.swift */; };
		E25C339D22540E5500329ADD /* DataLayer.swift in Sources */ = {isa = PBXBuildFile; fileRef = E25C339C22540E5500329ADD /* DataLayer.swift */; };
		E25C33A422541F6C00329ADD /* blank-email-pixels.jpg in Resources */ = {isa = PBXBuildFile; fileRef = E25C33A322541F6C00329ADD /* blank-email-pixels.jpg */; };
		E25C33A62254252800329ADD /* HomeCollectionViewCell.swift in Sources */ = {isa = PBXBuildFile; fileRef = E25C33A52254252800329ADD /* HomeCollectionViewCell.swift */; };
		E288ED03225929B300ADD2A4 /* like-0.png in Resources */ = {isa = PBXBuildFile; fileRef = E288ED01225929B300ADD2A4 /* like-0.png */; };
		E288ED04225929B300ADD2A4 /* like-1.png in Resources */ = {isa = PBXBuildFile; fileRef = E288ED02225929B300ADD2A4 /* like-1.png */; };
		E288ED092259333300ADD2A4 /* user-0.png in Resources */ = {isa = PBXBuildFile; fileRef = E288ED052259333300ADD2A4 /* user-0.png */; };
		E288ED0A2259333300ADD2A4 /* user-1.png in Resources */ = {isa = PBXBuildFile; fileRef = E288ED062259333300ADD2A4 /* user-1.png */; };
		E288ED0B2259333300ADD2A4 /* user-2.png in Resources */ = {isa = PBXBuildFile; fileRef = E288ED072259333300ADD2A4 /* user-2.png */; };
		E288ED0C2259333300ADD2A4 /* user-3.png in Resources */ = {isa = PBXBuildFile; fileRef = E288ED082259333300ADD2A4 /* user-3.png */; };
		E2CE88F722577E5A00DB6402 /* placeholder.png in Resources */ = {isa = PBXBuildFile; fileRef = E2CE88F622577E5A00DB6402 /* placeholder.png */; };
		E2CE88F92257D71900DB6402 /* play.png in Resources */ = {isa = PBXBuildFile; fileRef = E2CE88F82257D71900DB6402 /* play.png */; };
		E2CE88FC2258033300DB6402 /* ShowMovieReviewsCell.swift in Sources */ = {isa = PBXBuildFile; fileRef = E2CE88FB2258033300DB6402 /* ShowMovieReviewsCell.swift */; };
		E2CE88FE2258053000DB6402 /* HomeVC.swift in Sources */ = {isa = PBXBuildFile; fileRef = E2CE88FD2258053000DB6402 /* HomeVC.swift */; };
		E2CE890222580D2D00DB6402 /* ShowMovieTrailersCell.swift in Sources */ = {isa = PBXBuildFile; fileRef = E2CE890122580D2D00DB6402 /* ShowMovieTrailersCell.swift */; };
		E2CE8904225810E700DB6402 /* youtube.png in Resources */ = {isa = PBXBuildFile; fileRef = E2CE8903225810E700DB6402 /* youtube.png */; };
		E2D7D2B02258F03E00AC9714 /* FavouriteVC.swift in Sources */ = {isa = PBXBuildFile; fileRef = E2D7D2AF2258F03E00AC9714 /* FavouriteVC.swift */; };
		E2D7D2B22258F2B600AC9714 /* Movie.swift in Sources */ = {isa = PBXBuildFile; fileRef = E2D7D2B12258F2B600AC9714 /* Movie.swift */; };
		E2D7D2B42258FCB700AC9714 /* FavouriteCollectionViewCell.swift in Sources */ = {isa = PBXBuildFile; fileRef = E2D7D2B32258FCB700AC9714 /* FavouriteCollectionViewCell.swift */; };
		E2D7D2B62258FFF900AC9714 /* ListType.swift in Sources */ = {isa = PBXBuildFile; fileRef = E2D7D2B52258FFF900AC9714 /* ListType.swift */; };
		E2F57942225A785C001BC8B4 /* icon-40x40.png in Resources */ = {isa = PBXBuildFile; fileRef = E2F57939225A785C001BC8B4 /* icon-40x40.png */; };
		E2F57943225A785C001BC8B4 /* icon-58x58.png in Resources */ = {isa = PBXBuildFile; fileRef = E2F5793A225A785C001BC8B4 /* icon-58x58.png */; };
		E2F57944225A785C001BC8B4 /* icon-60x60.png in Resources */ = {isa = PBXBuildFile; fileRef = E2F5793B225A785C001BC8B4 /* icon-60x60.png */; };
		E2F57945225A785C001BC8B4 /* icon-80x80.png in Resources */ = {isa = PBXBuildFile; fileRef = E2F5793C225A785C001BC8B4 /* icon-80x80.png */; };
		E2F57946225A785C001BC8B4 /* icon-87x87.png in Resources */ = {isa = PBXBuildFile; fileRef = E2F5793D225A785C001BC8B4 /* icon-87x87.png */; };
		E2F57947225A785C001BC8B4 /* icon-120x120.png in Resources */ = {isa = PBXBuildFile; fileRef = E2F5793E225A785C001BC8B4 /* icon-120x120.png */; };
		E2F57948225A785C001BC8B4 /* icon-180x180.png in Resources */ = {isa = PBXBuildFile; fileRef = E2F5793F225A785C001BC8B4 /* icon-180x180.png */; };
		E2F57949225A785C001BC8B4 /* logo.png in Resources */ = {isa = PBXBuildFile; fileRef = E2F57940225A785C001BC8B4 /* logo.png */; };
		E2F5794A225A785C001BC8B4 /* icon.png in Resources */ = {isa = PBXBuildFile; fileRef = E2F57941225A785C001BC8B4 /* icon.png */; };
		E2F57952225A875B001BC8B4 /* home.png in Resources */ = {isa = PBXBuildFile; fileRef = E2F57950225A875B001BC8B4 /* home.png */; };
		E2F57953225A875B001BC8B4 /* star.png in Resources */ = {isa = PBXBuildFile; fileRef = E2F57951225A875B001BC8B4 /* star.png */; };
		E2F57955225AA3F8001BC8B4 /* APIEnums.swift in Sources */ = {isa = PBXBuildFile; fileRef = E2F57954225AA3F8001BC8B4 /* APIEnums.swift */; };
		E2F57957225AA893001BC8B4 /* EntitiesEnums.swift in Sources */ = {isa = PBXBuildFile; fileRef = E2F57956225AA893001BC8B4 /* EntitiesEnums.swift */; };
/* End PBXBuildFile section */

/* Begin PBXContainerItemProxy section */
		E25C337022540BBF00329ADD /* PBXContainerItemProxy */ = {
			isa = PBXContainerItemProxy;
			containerPortal = E25C335022540BBE00329ADD /* Project object */;
			proxyType = 1;
			remoteGlobalIDString = E25C335722540BBE00329ADD;
			remoteInfo = AflamiApp;
		};
		E25C337B22540BBF00329ADD /* PBXContainerItemProxy */ = {
			isa = PBXContainerItemProxy;
			containerPortal = E25C335022540BBE00329ADD /* Project object */;
			proxyType = 1;
			remoteGlobalIDString = E25C335722540BBE00329ADD;
			remoteInfo = AflamiApp;
		};
/* End PBXContainerItemProxy section */

/* Begin PBXFileReference section */
		12DAE428B47BF66F9CFA1A68 /* Pods-AflamiApp.release.xcconfig */ = {isa = PBXFileReference; includeInIndex = 1; lastKnownFileType = text.xcconfig; name = "Pods-AflamiApp.release.xcconfig"; path = "Target Support Files/Pods-AflamiApp/Pods-AflamiApp.release.xcconfig"; sourceTree = "<group>"; };
		3F105BC8AD3CEDDD4BB9ABDE /* Pods-AflamiAppTests.release.xcconfig */ = {isa = PBXFileReference; includeInIndex = 1; lastKnownFileType = text.xcconfig; name = "Pods-AflamiAppTests.release.xcconfig"; path = "Target Support Files/Pods-AflamiAppTests/Pods-AflamiAppTests.release.xcconfig"; sourceTree = "<group>"; };
		53B4FB5DA008277F446FED59 /* Pods-AflamiAppUITests.release.xcconfig */ = {isa = PBXFileReference; includeInIndex = 1; lastKnownFileType = text.xcconfig; name = "Pods-AflamiAppUITests.release.xcconfig"; path = "Target Support Files/Pods-AflamiAppUITests/Pods-AflamiAppUITests.release.xcconfig"; sourceTree = "<group>"; };
		5F56D9A0FEE38E977BB4ED6E /* Pods_AflamiApp.framework */ = {isa = PBXFileReference; explicitFileType = wrapper.framework; includeInIndex = 0; path = Pods_AflamiApp.framework; sourceTree = BUILT_PRODUCTS_DIR; };
		832618AAC18282FE7E253CE5 /* Pods-AflamiAppTests.debug.xcconfig */ = {isa = PBXFileReference; includeInIndex = 1; lastKnownFileType = text.xcconfig; name = "Pods-AflamiAppTests.debug.xcconfig"; path = "Target Support Files/Pods-AflamiAppTests/Pods-AflamiAppTests.debug.xcconfig"; sourceTree = "<group>"; };
		891043126FF0672AF068FEE8 /* Pods_AflamiAppTests.framework */ = {isa = PBXFileReference; explicitFileType = wrapper.framework; includeInIndex = 0; path = Pods_AflamiAppTests.framework; sourceTree = BUILT_PRODUCTS_DIR; };
		8BB5F6ED88D852B5ABC56818 /* Pods-AflamiApp.debug.xcconfig */ = {isa = PBXFileReference; includeInIndex = 1; lastKnownFileType = text.xcconfig; name = "Pods-AflamiApp.debug.xcconfig"; path = "Target Support Files/Pods-AflamiApp/Pods-AflamiApp.debug.xcconfig"; sourceTree = "<group>"; };
		E20C3BB92256CC6600CCCB67 /* ShowMovieVC.swift */ = {isa = PBXFileReference; fileEncoding = 4; lastKnownFileType = sourcecode.swift; path = ShowMovieVC.swift; sourceTree = "<group>"; };
		E25C335822540BBE00329ADD /* AflamiApp.app */ = {isa = PBXFileReference; explicitFileType = wrapper.application; includeInIndex = 0; path = AflamiApp.app; sourceTree = BUILT_PRODUCTS_DIR; };
		E25C335B22540BBF00329ADD /* AppDelegate.swift */ = {isa = PBXFileReference; lastKnownFileType = sourcecode.swift; path = AppDelegate.swift; sourceTree = "<group>"; };
		E25C336022540BBF00329ADD /* Base */ = {isa = PBXFileReference; lastKnownFileType = file.storyboard; name = Base; path = Base.lproj/Main.storyboard; sourceTree = "<group>"; };
		E25C336322540BBF00329ADD /* AflamiApp.xcdatamodel */ = {isa = PBXFileReference; lastKnownFileType = wrapper.xcdatamodel; path = AflamiApp.xcdatamodel; sourceTree = "<group>"; };
		E25C336522540BBF00329ADD /* Assets.xcassets */ = {isa = PBXFileReference; lastKnownFileType = folder.assetcatalog; path = Assets.xcassets; sourceTree = "<group>"; };
		E25C336822540BBF00329ADD /* Base */ = {isa = PBXFileReference; lastKnownFileType = file.storyboard; name = Base; path = Base.lproj/LaunchScreen.storyboard; sourceTree = "<group>"; };
		E25C336A22540BBF00329ADD /* Info.plist */ = {isa = PBXFileReference; lastKnownFileType = text.plist.xml; path = Info.plist; sourceTree = "<group>"; };
		E25C336F22540BBF00329ADD /* AflamiAppTests.xctest */ = {isa = PBXFileReference; explicitFileType = wrapper.cfbundle; includeInIndex = 0; path = AflamiAppTests.xctest; sourceTree = BUILT_PRODUCTS_DIR; };
		E25C337322540BBF00329ADD /* AflamiAppTests.swift */ = {isa = PBXFileReference; lastKnownFileType = sourcecode.swift; path = AflamiAppTests.swift; sourceTree = "<group>"; };
		E25C337522540BBF00329ADD /* Info.plist */ = {isa = PBXFileReference; lastKnownFileType = text.plist.xml; path = Info.plist; sourceTree = "<group>"; };
		E25C337A22540BBF00329ADD /* AflamiAppUITests.xctest */ = {isa = PBXFileReference; explicitFileType = wrapper.cfbundle; includeInIndex = 0; path = AflamiAppUITests.xctest; sourceTree = BUILT_PRODUCTS_DIR; };
		E25C337E22540BBF00329ADD /* AflamiAppUITests.swift */ = {isa = PBXFileReference; lastKnownFileType = sourcecode.swift; path = AflamiAppUITests.swift; sourceTree = "<group>"; };
		E25C338022540BBF00329ADD /* Info.plist */ = {isa = PBXFileReference; lastKnownFileType = text.plist.xml; path = Info.plist; sourceTree = "<group>"; };
		E25C338F22540CD400329ADD /* ModelLayer.swift */ = {isa = PBXFileReference; fileEncoding = 4; lastKnownFileType = sourcecode.swift; path = ModelLayer.swift; sourceTree = "<group>"; };
		E25C339422540D8300329ADD /* Trailer.swift */ = {isa = PBXFileReference; fileEncoding = 4; lastKnownFileType = sourcecode.swift; path = Trailer.swift; sourceTree = "<group>"; };
		E25C339622540D9A00329ADD /* Review.swift */ = {isa = PBXFileReference; fileEncoding = 4; lastKnownFileType = sourcecode.swift; path = Review.swift; sourceTree = "<group>"; };
		E25C339922540E1500329ADD /* NetworkLayer.swift */ = {isa = PBXFileReference; fileEncoding = 4; lastKnownFileType = sourcecode.swift; path = NetworkLayer.swift; sourceTree = "<group>"; };
		E25C339C22540E5500329ADD /* DataLayer.swift */ = {isa = PBXFileReference; fileEncoding = 4; lastKnownFileType = sourcecode.swift; path = DataLayer.swift; sourceTree = "<group>"; };
		E25C33A322541F6C00329ADD /* blank-email-pixels.jpg */ = {isa = PBXFileReference; lastKnownFileType = image.jpeg; path = "blank-email-pixels.jpg"; sourceTree = "<group>"; };
		E25C33A52254252800329ADD /* HomeCollectionViewCell.swift */ = {isa = PBXFileReference; fileEncoding = 4; lastKnownFileType = sourcecode.swift; path = HomeCollectionViewCell.swift; sourceTree = "<group>"; };
		E288ED01225929B300ADD2A4 /* like-0.png */ = {isa = PBXFileReference; lastKnownFileType = image.png; path = "like-0.png"; sourceTree = "<group>"; };
		E288ED02225929B300ADD2A4 /* like-1.png */ = {isa = PBXFileReference; lastKnownFileType = image.png; path = "like-1.png"; sourceTree = "<group>"; };
		E288ED052259333300ADD2A4 /* user-0.png */ = {isa = PBXFileReference; lastKnownFileType = image.png; path = "user-0.png"; sourceTree = "<group>"; };
		E288ED062259333300ADD2A4 /* user-1.png */ = {isa = PBXFileReference; lastKnownFileType = image.png; path = "user-1.png"; sourceTree = "<group>"; };
		E288ED072259333300ADD2A4 /* user-2.png */ = {isa = PBXFileReference; lastKnownFileType = image.png; path = "user-2.png"; sourceTree = "<group>"; };
		E288ED082259333300ADD2A4 /* user-3.png */ = {isa = PBXFileReference; lastKnownFileType = image.png; path = "user-3.png"; sourceTree = "<group>"; };
		E2CE88F622577E5A00DB6402 /* placeholder.png */ = {isa = PBXFileReference; lastKnownFileType = image.png; path = placeholder.png; sourceTree = "<group>"; };
		E2CE88F82257D71900DB6402 /* play.png */ = {isa = PBXFileReference; lastKnownFileType = image.png; path = play.png; sourceTree = "<group>"; };
		E2CE88FB2258033300DB6402 /* ShowMovieReviewsCell.swift */ = {isa = PBXFileReference; fileEncoding = 4; lastKnownFileType = sourcecode.swift; path = ShowMovieReviewsCell.swift; sourceTree = "<group>"; };
		E2CE88FD2258053000DB6402 /* HomeVC.swift */ = {isa = PBXFileReference; fileEncoding = 4; lastKnownFileType = sourcecode.swift; path = HomeVC.swift; sourceTree = "<group>"; };
		E2CE890122580D2D00DB6402 /* ShowMovieTrailersCell.swift */ = {isa = PBXFileReference; fileEncoding = 4; lastKnownFileType = sourcecode.swift; path = ShowMovieTrailersCell.swift; sourceTree = "<group>"; };
		E2CE8903225810E700DB6402 /* youtube.png */ = {isa = PBXFileReference; lastKnownFileType = image.png; path = youtube.png; sourceTree = "<group>"; };
		E2D7D2AF2258F03E00AC9714 /* FavouriteVC.swift */ = {isa = PBXFileReference; fileEncoding = 4; lastKnownFileType = sourcecode.swift; path = FavouriteVC.swift; sourceTree = "<group>"; };
		E2D7D2B12258F2B600AC9714 /* Movie.swift */ = {isa = PBXFileReference; fileEncoding = 4; lastKnownFileType = sourcecode.swift; path = Movie.swift; sourceTree = "<group>"; };
		E2D7D2B32258FCB700AC9714 /* FavouriteCollectionViewCell.swift */ = {isa = PBXFileReference; fileEncoding = 4; lastKnownFileType = sourcecode.swift; path = FavouriteCollectionViewCell.swift; sourceTree = "<group>"; };
		E2D7D2B52258FFF900AC9714 /* ListType.swift */ = {isa = PBXFileReference; fileEncoding = 4; lastKnownFileType = sourcecode.swift; path = ListType.swift; sourceTree = "<group>"; };
		E2F57939225A785C001BC8B4 /* icon-40x40.png */ = {isa = PBXFileReference; lastKnownFileType = image.png; path = "icon-40x40.png"; sourceTree = "<group>"; };
		E2F5793A225A785C001BC8B4 /* icon-58x58.png */ = {isa = PBXFileReference; lastKnownFileType = image.png; path = "icon-58x58.png"; sourceTree = "<group>"; };
		E2F5793B225A785C001BC8B4 /* icon-60x60.png */ = {isa = PBXFileReference; lastKnownFileType = image.png; path = "icon-60x60.png"; sourceTree = "<group>"; };
		E2F5793C225A785C001BC8B4 /* icon-80x80.png */ = {isa = PBXFileReference; lastKnownFileType = image.png; path = "icon-80x80.png"; sourceTree = "<group>"; };
		E2F5793D225A785C001BC8B4 /* icon-87x87.png */ = {isa = PBXFileReference; lastKnownFileType = image.png; path = "icon-87x87.png"; sourceTree = "<group>"; };
		E2F5793E225A785C001BC8B4 /* icon-120x120.png */ = {isa = PBXFileReference; lastKnownFileType = image.png; path = "icon-120x120.png"; sourceTree = "<group>"; };
		E2F5793F225A785C001BC8B4 /* icon-180x180.png */ = {isa = PBXFileReference; lastKnownFileType = image.png; path = "icon-180x180.png"; sourceTree = "<group>"; };
		E2F57940225A785C001BC8B4 /* logo.png */ = {isa = PBXFileReference; lastKnownFileType = image.png; path = logo.png; sourceTree = "<group>"; };
		E2F57941225A785C001BC8B4 /* icon.png */ = {isa = PBXFileReference; lastKnownFileType = image.png; path = icon.png; sourceTree = "<group>"; };
		E2F57950225A875B001BC8B4 /* home.png */ = {isa = PBXFileReference; lastKnownFileType = image.png; path = home.png; sourceTree = "<group>"; };
		E2F57951225A875B001BC8B4 /* star.png */ = {isa = PBXFileReference; lastKnownFileType = image.png; path = star.png; sourceTree = "<group>"; };
		E2F57954225AA3F8001BC8B4 /* APIEnums.swift */ = {isa = PBXFileReference; fileEncoding = 4; lastKnownFileType = sourcecode.swift; path = APIEnums.swift; sourceTree = "<group>"; };
		E2F57956225AA893001BC8B4 /* EntitiesEnums.swift */ = {isa = PBXFileReference; fileEncoding = 4; lastKnownFileType = sourcecode.swift; path = EntitiesEnums.swift; sourceTree = "<group>"; };
		EE0BB60B8D49D8341C11A46C /* Pods_AflamiAppUITests.framework */ = {isa = PBXFileReference; explicitFileType = wrapper.framework; includeInIndex = 0; path = Pods_AflamiAppUITests.framework; sourceTree = BUILT_PRODUCTS_DIR; };
		FCE34CB7ED792EAF04C9BD6E /* Pods-AflamiAppUITests.debug.xcconfig */ = {isa = PBXFileReference; includeInIndex = 1; lastKnownFileType = text.xcconfig; name = "Pods-AflamiAppUITests.debug.xcconfig"; path = "Target Support Files/Pods-AflamiAppUITests/Pods-AflamiAppUITests.debug.xcconfig"; sourceTree = "<group>"; };
/* End PBXFileReference section */

/* Begin PBXFrameworksBuildPhase section */
		E25C335522540BBE00329ADD /* Frameworks */ = {
			isa = PBXFrameworksBuildPhase;
			buildActionMask = 2147483647;
			files = (
				9EA1D44ABFC4B33D8C7CA1F1 /* Pods_AflamiApp.framework in Frameworks */,
			);
			runOnlyForDeploymentPostprocessing = 0;
		};
		E25C336C22540BBF00329ADD /* Frameworks */ = {
			isa = PBXFrameworksBuildPhase;
			buildActionMask = 2147483647;
			files = (
				41F3F17EBCC5F8FE8FD392A1 /* Pods_AflamiAppTests.framework in Frameworks */,
			);
			runOnlyForDeploymentPostprocessing = 0;
		};
		E25C337722540BBF00329ADD /* Frameworks */ = {
			isa = PBXFrameworksBuildPhase;
			buildActionMask = 2147483647;
			files = (
				581EEC5A1826879BE2E29DF6 /* Pods_AflamiAppUITests.framework in Frameworks */,
			);
			runOnlyForDeploymentPostprocessing = 0;
		};
/* End PBXFrameworksBuildPhase section */

/* Begin PBXGroup section */
		3E0E45C8B04CFADF2D4F8F5B /* Pods */ = {
			isa = PBXGroup;
			children = (
				8BB5F6ED88D852B5ABC56818 /* Pods-AflamiApp.debug.xcconfig */,
				12DAE428B47BF66F9CFA1A68 /* Pods-AflamiApp.release.xcconfig */,
				832618AAC18282FE7E253CE5 /* Pods-AflamiAppTests.debug.xcconfig */,
				3F105BC8AD3CEDDD4BB9ABDE /* Pods-AflamiAppTests.release.xcconfig */,
				FCE34CB7ED792EAF04C9BD6E /* Pods-AflamiAppUITests.debug.xcconfig */,
				53B4FB5DA008277F446FED59 /* Pods-AflamiAppUITests.release.xcconfig */,
			);
			path = Pods;
			sourceTree = "<group>";
		};
		E25C334F22540BBE00329ADD = {
			isa = PBXGroup;
			children = (
				E25C335A22540BBE00329ADD /* AflamiApp */,
				E25C337222540BBF00329ADD /* AflamiAppTests */,
				E25C337D22540BBF00329ADD /* AflamiAppUITests */,
				E25C335922540BBE00329ADD /* Products */,
				3E0E45C8B04CFADF2D4F8F5B /* Pods */,
				F331B3516BC261C5266B51BD /* Frameworks */,
			);
			sourceTree = "<group>";
		};
		E25C335922540BBE00329ADD /* Products */ = {
			isa = PBXGroup;
			children = (
				E25C335822540BBE00329ADD /* AflamiApp.app */,
				E25C336F22540BBF00329ADD /* AflamiAppTests.xctest */,
				E25C337A22540BBF00329ADD /* AflamiAppUITests.xctest */,
			);
			name = Products;
			sourceTree = "<group>";
		};
		E25C335A22540BBE00329ADD /* AflamiApp */ = {
			isa = PBXGroup;
			children = (
				E25C339E22540E7000329ADD /* Resources */,
				E25C338E22540C1400329ADD /* View */,
				E25C338D22540BF800329ADD /* Controller */,
				E25C338C22540BCC00329ADD /* Model */,
				E25C335B22540BBF00329ADD /* AppDelegate.swift */,
				E25C336522540BBF00329ADD /* Assets.xcassets */,
				E25C336A22540BBF00329ADD /* Info.plist */,
				E25C336222540BBF00329ADD /* AflamiApp.xcdatamodeld */,
			);
			path = AflamiApp;
			sourceTree = "<group>";
		};
		E25C337222540BBF00329ADD /* AflamiAppTests */ = {
			isa = PBXGroup;
			children = (
				E25C337322540BBF00329ADD /* AflamiAppTests.swift */,
				E25C337522540BBF00329ADD /* Info.plist */,
			);
			path = AflamiAppTests;
			sourceTree = "<group>";
		};
		E25C337D22540BBF00329ADD /* AflamiAppUITests */ = {
			isa = PBXGroup;
			children = (
				E25C337E22540BBF00329ADD /* AflamiAppUITests.swift */,
				E25C338022540BBF00329ADD /* Info.plist */,
			);
			path = AflamiAppUITests;
			sourceTree = "<group>";
		};
		E25C338C22540BCC00329ADD /* Model */ = {
			isa = PBXGroup;
			children = (
				E25C339B22540E2400329ADD /* CoreData */,
				E25C339822540DA400329ADD /* Network */,
				E25C339122540D1200329ADD /* DTOs */,
				E25C338F22540CD400329ADD /* ModelLayer.swift */,
			);
			path = Model;
			sourceTree = "<group>";
		};
		E25C338D22540BF800329ADD /* Controller */ = {
			isa = PBXGroup;
			children = (
				E2CE88FA225802FD00DB6402 /* Home */,
				E2D7D2AE2258F01C00AC9714 /* ShowMovie */,
				E2D7D2B7225901C400AC9714 /* Favourite */,
			);
			path = Controller;
			sourceTree = "<group>";
		};
		E25C338E22540C1400329ADD /* View */ = {
			isa = PBXGroup;
			children = (
				E25C335F22540BBF00329ADD /* Main.storyboard */,
				E25C336722540BBF00329ADD /* LaunchScreen.storyboard */,
			);
			path = View;
			sourceTree = "<group>";
		};
		E25C339122540D1200329ADD /* DTOs */ = {
			isa = PBXGroup;
			children = (
				E25C339422540D8300329ADD /* Trailer.swift */,
				E25C339622540D9A00329ADD /* Review.swift */,
				E2D7D2B12258F2B600AC9714 /* Movie.swift */,
			);
			path = DTOs;
			sourceTree = "<group>";
		};
		E25C339822540DA400329ADD /* Network */ = {
			isa = PBXGroup;
			children = (
				E25C339922540E1500329ADD /* NetworkLayer.swift */,
				E2F57954225AA3F8001BC8B4 /* APIEnums.swift */,
			);
			path = Network;
			sourceTree = "<group>";
		};
		E25C339B22540E2400329ADD /* CoreData */ = {
			isa = PBXGroup;
			children = (
				E25C339C22540E5500329ADD /* DataLayer.swift */,
				E2D7D2B52258FFF900AC9714 /* ListType.swift */,
				E2F57956225AA893001BC8B4 /* EntitiesEnums.swift */,
			);
			path = CoreData;
			sourceTree = "<group>";
		};
		E25C339E22540E7000329ADD /* Resources */ = {
			isa = PBXGroup;
			children = (
				E2F57940225A785C001BC8B4 /* logo.png */,
				E2F57950225A875B001BC8B4 /* home.png */,
				E2F57951225A875B001BC8B4 /* star.png */,
				E2F5794B225A7868001BC8B4 /* icons */,
				E288ED052259333300ADD2A4 /* user-0.png */,
				E288ED062259333300ADD2A4 /* user-1.png */,
				E288ED072259333300ADD2A4 /* user-2.png */,
				E288ED082259333300ADD2A4 /* user-3.png */,
				E288ED01225929B300ADD2A4 /* like-0.png */,
				E288ED02225929B300ADD2A4 /* like-1.png */,
				E2CE8903225810E700DB6402 /* youtube.png */,
				E2CE88F82257D71900DB6402 /* play.png */,
				E2CE88F622577E5A00DB6402 /* placeholder.png */,
				E25C33A322541F6C00329ADD /* blank-email-pixels.jpg */,
			);
			path = Resources;
			sourceTree = "<group>";
		};
		E2CE88FA225802FD00DB6402 /* Home */ = {
			isa = PBXGroup;
			children = (
				E2CE88FD2258053000DB6402 /* HomeVC.swift */,
				E25C33A52254252800329ADD /* HomeCollectionViewCell.swift */,
			);
			name = Home;
			sourceTree = "<group>";
		};
		E2D7D2AE2258F01C00AC9714 /* ShowMovie */ = {
			isa = PBXGroup;
			children = (
				E20C3BB92256CC6600CCCB67 /* ShowMovieVC.swift */,
				E2CE88FB2258033300DB6402 /* ShowMovieReviewsCell.swift */,
				E2CE890122580D2D00DB6402 /* ShowMovieTrailersCell.swift */,
			);
			name = ShowMovie;
			sourceTree = "<group>";
		};
		E2D7D2B7225901C400AC9714 /* Favourite */ = {
			isa = PBXGroup;
			children = (
				E2D7D2AF2258F03E00AC9714 /* FavouriteVC.swift */,
				E2D7D2B32258FCB700AC9714 /* FavouriteCollectionViewCell.swift */,
			);
			name = Favourite;
			sourceTree = "<group>";
		};
		E2F5794B225A7868001BC8B4 /* icons */ = {
			isa = PBXGroup;
			children = (
				E2F57941225A785C001BC8B4 /* icon.png */,
				E2F57939225A785C001BC8B4 /* icon-40x40.png */,
				E2F5793A225A785C001BC8B4 /* icon-58x58.png */,
				E2F5793B225A785C001BC8B4 /* icon-60x60.png */,
				E2F5793C225A785C001BC8B4 /* icon-80x80.png */,
				E2F5793D225A785C001BC8B4 /* icon-87x87.png */,
				E2F5793E225A785C001BC8B4 /* icon-120x120.png */,
				E2F5793F225A785C001BC8B4 /* icon-180x180.png */,
			);
			name = icons;
			sourceTree = "<group>";
		};
		F331B3516BC261C5266B51BD /* Frameworks */ = {
			isa = PBXGroup;
			children = (
				5F56D9A0FEE38E977BB4ED6E /* Pods_AflamiApp.framework */,
				891043126FF0672AF068FEE8 /* Pods_AflamiAppTests.framework */,
				EE0BB60B8D49D8341C11A46C /* Pods_AflamiAppUITests.framework */,
			);
			name = Frameworks;
			sourceTree = "<group>";
		};
/* End PBXGroup section */

/* Begin PBXNativeTarget section */
		E25C335722540BBE00329ADD /* AflamiApp */ = {
			isa = PBXNativeTarget;
			buildConfigurationList = E25C338322540BBF00329ADD /* Build configuration list for PBXNativeTarget "AflamiApp" */;
			buildPhases = (
				8DE1B667E9C3CB15A57DDF8A /* [CP] Check Pods Manifest.lock */,
				E25C335422540BBE00329ADD /* Sources */,
				E25C335522540BBE00329ADD /* Frameworks */,
				E25C335622540BBE00329ADD /* Resources */,
				8BAD1415CF168CE4DA501D54 /* [CP] Embed Pods Frameworks */,
			);
			buildRules = (
			);
			dependencies = (
			);
			name = AflamiApp;
			productName = AflamiApp;
			productReference = E25C335822540BBE00329ADD /* AflamiApp.app */;
			productType = "com.apple.product-type.application";
		};
		E25C336E22540BBF00329ADD /* AflamiAppTests */ = {
			isa = PBXNativeTarget;
			buildConfigurationList = E25C338622540BBF00329ADD /* Build configuration list for PBXNativeTarget "AflamiAppTests" */;
			buildPhases = (
				9CAB728CDA0F7F1A6937C776 /* [CP] Check Pods Manifest.lock */,
				E25C336B22540BBF00329ADD /* Sources */,
				E25C336C22540BBF00329ADD /* Frameworks */,
				E25C336D22540BBF00329ADD /* Resources */,
			);
			buildRules = (
			);
			dependencies = (
				E25C337122540BBF00329ADD /* PBXTargetDependency */,
			);
			name = AflamiAppTests;
			productName = AflamiAppTests;
			productReference = E25C336F22540BBF00329ADD /* AflamiAppTests.xctest */;
			productType = "com.apple.product-type.bundle.unit-test";
		};
		E25C337922540BBF00329ADD /* AflamiAppUITests */ = {
			isa = PBXNativeTarget;
			buildConfigurationList = E25C338922540BBF00329ADD /* Build configuration list for PBXNativeTarget "AflamiAppUITests" */;
			buildPhases = (
				E1C73DAC132CDCB38C42D9AF /* [CP] Check Pods Manifest.lock */,
				E25C337622540BBF00329ADD /* Sources */,
				E25C337722540BBF00329ADD /* Frameworks */,
				E25C337822540BBF00329ADD /* Resources */,
			);
			buildRules = (
			);
			dependencies = (
				E25C337C22540BBF00329ADD /* PBXTargetDependency */,
			);
			name = AflamiAppUITests;
			productName = AflamiAppUITests;
			productReference = E25C337A22540BBF00329ADD /* AflamiAppUITests.xctest */;
			productType = "com.apple.product-type.bundle.ui-testing";
		};
/* End PBXNativeTarget section */

/* Begin PBXProject section */
		E25C335022540BBE00329ADD /* Project object */ = {
			isa = PBXProject;
			attributes = {
				LastSwiftUpdateCheck = 0820;
				LastUpgradeCheck = 0820;
				ORGANIZATIONNAME = "Ahmed M. Hassan";
				TargetAttributes = {
					E25C335722540BBE00329ADD = {
						CreatedOnToolsVersion = 8.2.1;
						DevelopmentTeam = JUUZV79G5F;
						ProvisioningStyle = Automatic;
					};
					E25C336E22540BBF00329ADD = {
						CreatedOnToolsVersion = 8.2.1;
						DevelopmentTeam = JUUZV79G5F;
						ProvisioningStyle = Automatic;
						TestTargetID = E25C335722540BBE00329ADD;
					};
					E25C337922540BBF00329ADD = {
						CreatedOnToolsVersion = 8.2.1;
						DevelopmentTeam = JUUZV79G5F;
						ProvisioningStyle = Automatic;
						TestTargetID = E25C335722540BBE00329ADD;
					};
				};
			};
			buildConfigurationList = E25C335322540BBE00329ADD /* Build configuration list for PBXProject "AflamiApp" */;
			compatibilityVersion = "Xcode 3.2";
			developmentRegion = English;
			hasScannedForEncodings = 0;
			knownRegions = (
				en,
				Base,
			);
			mainGroup = E25C334F22540BBE00329ADD;
			productRefGroup = E25C335922540BBE00329ADD /* Products */;
			projectDirPath = "";
			projectRoot = "";
			targets = (
				E25C335722540BBE00329ADD /* AflamiApp */,
				E25C336E22540BBF00329ADD /* AflamiAppTests */,
				E25C337922540BBF00329ADD /* AflamiAppUITests */,
			);
		};
/* End PBXProject section */

/* Begin PBXResourcesBuildPhase section */
		E25C335622540BBE00329ADD /* Resources */ = {
			isa = PBXResourcesBuildPhase;
			buildActionMask = 2147483647;
			files = (
				E288ED0A2259333300ADD2A4 /* user-1.png in Resources */,
				E288ED04225929B300ADD2A4 /* like-1.png in Resources */,
				E2F57945225A785C001BC8B4 /* icon-80x80.png in Resources */,
				E25C33A422541F6C00329ADD /* blank-email-pixels.jpg in Resources */,
				E25C336922540BBF00329ADD /* LaunchScreen.storyboard in Resources */,
				E2F57953225A875B001BC8B4 /* star.png in Resources */,
				E2F57947225A785C001BC8B4 /* icon-120x120.png in Resources */,
				E2F5794A225A785C001BC8B4 /* icon.png in Resources */,
				E25C336622540BBF00329ADD /* Assets.xcassets in Resources */,
				E2F57949225A785C001BC8B4 /* logo.png in Resources */,
				E2F57948225A785C001BC8B4 /* icon-180x180.png in Resources */,
				E288ED03225929B300ADD2A4 /* like-0.png in Resources */,
				E288ED092259333300ADD2A4 /* user-0.png in Resources */,
				E288ED0B2259333300ADD2A4 /* user-2.png in Resources */,
				E2CE8904225810E700DB6402 /* youtube.png in Resources */,
				E2F57943225A785C001BC8B4 /* icon-58x58.png in Resources */,
				E2CE88F722577E5A00DB6402 /* placeholder.png in Resources */,
				E2F57944225A785C001BC8B4 /* icon-60x60.png in Resources */,
				E25C336122540BBF00329ADD /* Main.storyboard in Resources */,
				E2CE88F92257D71900DB6402 /* play.png in Resources */,
				E2F57952225A875B001BC8B4 /* home.png in Resources */,
				E2F57946225A785C001BC8B4 /* icon-87x87.png in Resources */,
				E288ED0C2259333300ADD2A4 /* user-3.png in Resources */,
				E2F57942225A785C001BC8B4 /* icon-40x40.png in Resources */,
			);
			runOnlyForDeploymentPostprocessing = 0;
		};
		E25C336D22540BBF00329ADD /* Resources */ = {
			isa = PBXResourcesBuildPhase;
			buildActionMask = 2147483647;
			files = (
			);
			runOnlyForDeploymentPostprocessing = 0;
		};
		E25C337822540BBF00329ADD /* Resources */ = {
			isa = PBXResourcesBuildPhase;
			buildActionMask = 2147483647;
			files = (
			);
			runOnlyForDeploymentPostprocessing = 0;
		};
/* End PBXResourcesBuildPhase section */

/* Begin PBXShellScriptBuildPhase section */
		8BAD1415CF168CE4DA501D54 /* [CP] Embed Pods Frameworks */ = {
			isa = PBXShellScriptBuildPhase;
			buildActionMask = 2147483647;
			files = (
			);
			inputPaths = (
				"${PODS_ROOT}/Target Support Files/Pods-AflamiApp/Pods-AflamiApp-frameworks.sh",
				"${BUILT_PRODUCTS_DIR}/Alamofire/Alamofire.framework",
				"${BUILT_PRODUCTS_DIR}/AlamofireImage/AlamofireImage.framework",
				"${BUILT_PRODUCTS_DIR}/Cosmos/Cosmos.framework",
			);
			name = "[CP] Embed Pods Frameworks";
			outputPaths = (
				"${TARGET_BUILD_DIR}/${FRAMEWORKS_FOLDER_PATH}/Alamofire.framework",
				"${TARGET_BUILD_DIR}/${FRAMEWORKS_FOLDER_PATH}/AlamofireImage.framework",
				"${TARGET_BUILD_DIR}/${FRAMEWORKS_FOLDER_PATH}/Cosmos.framework",
			);
			runOnlyForDeploymentPostprocessing = 0;
			shellPath = /bin/sh;
			shellScript = "\"${PODS_ROOT}/Target Support Files/Pods-AflamiApp/Pods-AflamiApp-frameworks.sh\"\n";
			showEnvVarsInLog = 0;
		};
		8DE1B667E9C3CB15A57DDF8A /* [CP] Check Pods Manifest.lock */ = {
			isa = PBXShellScriptBuildPhase;
			buildActionMask = 2147483647;
			files = (
			);
			inputPaths = (
				"${PODS_PODFILE_DIR_PATH}/Podfile.lock",
				"${PODS_ROOT}/Manifest.lock",
			);
			name = "[CP] Check Pods Manifest.lock";
			outputPaths = (
				"$(DERIVED_FILE_DIR)/Pods-AflamiApp-checkManifestLockResult.txt",
			);
			runOnlyForDeploymentPostprocessing = 0;
			shellPath = /bin/sh;
			shellScript = "diff \"${PODS_PODFILE_DIR_PATH}/Podfile.lock\" \"${PODS_ROOT}/Manifest.lock\" > /dev/null\nif [ $? != 0 ] ; then\n    # print error to STDERR\n    echo \"error: The sandbox is not in sync with the Podfile.lock. Run 'pod install' or update your CocoaPods installation.\" >&2\n    exit 1\nfi\n# This output is used by Xcode 'outputs' to avoid re-running this script phase.\necho \"SUCCESS\" > \"${SCRIPT_OUTPUT_FILE_0}\"\n";
			showEnvVarsInLog = 0;
		};
		9CAB728CDA0F7F1A6937C776 /* [CP] Check Pods Manifest.lock */ = {
			isa = PBXShellScriptBuildPhase;
			buildActionMask = 2147483647;
			files = (
			);
			inputPaths = (
				"${PODS_PODFILE_DIR_PATH}/Podfile.lock",
				"${PODS_ROOT}/Manifest.lock",
			);
			name = "[CP] Check Pods Manifest.lock";
			outputPaths = (
				"$(DERIVED_FILE_DIR)/Pods-AflamiAppTests-checkManifestLockResult.txt",
			);
			runOnlyForDeploymentPostprocessing = 0;
			shellPath = /bin/sh;
			shellScript = "diff \"${PODS_PODFILE_DIR_PATH}/Podfile.lock\" \"${PODS_ROOT}/Manifest.lock\" > /dev/null\nif [ $? != 0 ] ; then\n    # print error to STDERR\n    echo \"error: The sandbox is not in sync with the Podfile.lock. Run 'pod install' or update your CocoaPods installation.\" >&2\n    exit 1\nfi\n# This output is used by Xcode 'outputs' to avoid re-running this script phase.\necho \"SUCCESS\" > \"${SCRIPT_OUTPUT_FILE_0}\"\n";
			showEnvVarsInLog = 0;
		};
		E1C73DAC132CDCB38C42D9AF /* [CP] Check Pods Manifest.lock */ = {
			isa = PBXShellScriptBuildPhase;
			buildActionMask = 2147483647;
			files = (
			);
			inputPaths = (
				"${PODS_PODFILE_DIR_PATH}/Podfile.lock",
				"${PODS_ROOT}/Manifest.lock",
			);
			name = "[CP] Check Pods Manifest.lock";
			outputPaths = (
				"$(DERIVED_FILE_DIR)/Pods-AflamiAppUITests-checkManifestLockResult.txt",
			);
			runOnlyForDeploymentPostprocessing = 0;
			shellPath = /bin/sh;
			shellScript = "diff \"${PODS_PODFILE_DIR_PATH}/Podfile.lock\" \"${PODS_ROOT}/Manifest.lock\" > /dev/null\nif [ $? != 0 ] ; then\n    # print error to STDERR\n    echo \"error: The sandbox is not in sync with the Podfile.lock. Run 'pod install' or update your CocoaPods installation.\" >&2\n    exit 1\nfi\n# This output is used by Xcode 'outputs' to avoid re-running this script phase.\necho \"SUCCESS\" > \"${SCRIPT_OUTPUT_FILE_0}\"\n";
			showEnvVarsInLog = 0;
		};
/* End PBXShellScriptBuildPhase section */

/* Begin PBXSourcesBuildPhase section */
		E25C335422540BBE00329ADD /* Sources */ = {
			isa = PBXSourcesBuildPhase;
			buildActionMask = 2147483647;
			files = (
				E2D7D2B62258FFF900AC9714 /* ListType.swift in Sources */,
				E25C339522540D8300329ADD /* Trailer.swift in Sources */,
				E25C339722540D9A00329ADD /* Review.swift in Sources */,
				E25C339022540CD400329ADD /* ModelLayer.swift in Sources */,
				E2CE88FC2258033300DB6402 /* ShowMovieReviewsCell.swift in Sources */,
				E25C339D22540E5500329ADD /* DataLayer.swift in Sources */,
				E25C339A22540E1500329ADD /* NetworkLayer.swift in Sources */,
				E2F57957225AA893001BC8B4 /* EntitiesEnums.swift in Sources */,
				E25C335C22540BBF00329ADD /* AppDelegate.swift in Sources */,
				E2D7D2B42258FCB700AC9714 /* FavouriteCollectionViewCell.swift in Sources */,
				E25C336422540BBF00329ADD /* AflamiApp.xcdatamodeld in Sources */,
				E25C33A62254252800329ADD /* HomeCollectionViewCell.swift in Sources */,
				E2D7D2B22258F2B600AC9714 /* Movie.swift in Sources */,
				E2CE88FE2258053000DB6402 /* HomeVC.swift in Sources */,
				E2F57955225AA3F8001BC8B4 /* APIEnums.swift in Sources */,
				E2D7D2B02258F03E00AC9714 /* FavouriteVC.swift in Sources */,
				E20C3BBA2256CC6600CCCB67 /* ShowMovieVC.swift in Sources */,
				E2CE890222580D2D00DB6402 /* ShowMovieTrailersCell.swift in Sources */,
			);
			runOnlyForDeploymentPostprocessing = 0;
		};
		E25C336B22540BBF00329ADD /* Sources */ = {
			isa = PBXSourcesBuildPhase;
			buildActionMask = 2147483647;
			files = (
				E25C337422540BBF00329ADD /* AflamiAppTests.swift in Sources */,
			);
			runOnlyForDeploymentPostprocessing = 0;
		};
		E25C337622540BBF00329ADD /* Sources */ = {
			isa = PBXSourcesBuildPhase;
			buildActionMask = 2147483647;
			files = (
				E25C337F22540BBF00329ADD /* AflamiAppUITests.swift in Sources */,
			);
			runOnlyForDeploymentPostprocessing = 0;
		};
/* End PBXSourcesBuildPhase section */

/* Begin PBXTargetDependency section */
		E25C337122540BBF00329ADD /* PBXTargetDependency */ = {
			isa = PBXTargetDependency;
			target = E25C335722540BBE00329ADD /* AflamiApp */;
			targetProxy = E25C337022540BBF00329ADD /* PBXContainerItemProxy */;
		};
		E25C337C22540BBF00329ADD /* PBXTargetDependency */ = {
			isa = PBXTargetDependency;
			target = E25C335722540BBE00329ADD /* AflamiApp */;
			targetProxy = E25C337B22540BBF00329ADD /* PBXContainerItemProxy */;
		};
/* End PBXTargetDependency section */

/* Begin PBXVariantGroup section */
		E25C335F22540BBF00329ADD /* Main.storyboard */ = {
			isa = PBXVariantGroup;
			children = (
				E25C336022540BBF00329ADD /* Base */,
			);
			name = Main.storyboard;
			path = ..;
			sourceTree = "<group>";
		};
		E25C336722540BBF00329ADD /* LaunchScreen.storyboard */ = {
			isa = PBXVariantGroup;
			children = (
				E25C336822540BBF00329ADD /* Base */,
			);
			name = LaunchScreen.storyboard;
			path = ..;
			sourceTree = "<group>";
		};
/* End PBXVariantGroup section */

/* Begin XCBuildConfiguration section */
		E25C338122540BBF00329ADD /* Debug */ = {
			isa = XCBuildConfiguration;
			buildSettings = {
				ALWAYS_SEARCH_USER_PATHS = NO;
				CLANG_ANALYZER_NONNULL = YES;
				CLANG_CXX_LANGUAGE_STANDARD = "gnu++0x";
				CLANG_CXX_LIBRARY = "libc++";
				CLANG_ENABLE_MODULES = YES;
				CLANG_ENABLE_OBJC_ARC = YES;
				CLANG_WARN_BOOL_CONVERSION = YES;
				CLANG_WARN_CONSTANT_CONVERSION = YES;
				CLANG_WARN_DIRECT_OBJC_ISA_USAGE = YES_ERROR;
				CLANG_WARN_DOCUMENTATION_COMMENTS = YES;
				CLANG_WARN_EMPTY_BODY = YES;
				CLANG_WARN_ENUM_CONVERSION = YES;
				CLANG_WARN_INFINITE_RECURSION = YES;
				CLANG_WARN_INT_CONVERSION = YES;
				CLANG_WARN_OBJC_ROOT_CLASS = YES_ERROR;
				CLANG_WARN_SUSPICIOUS_MOVE = YES;
				CLANG_WARN_UNREACHABLE_CODE = YES;
				CLANG_WARN__DUPLICATE_METHOD_MATCH = YES;
				"CODE_SIGN_IDENTITY[sdk=iphoneos*]" = "iPhone Developer";
				COPY_PHASE_STRIP = NO;
				DEBUG_INFORMATION_FORMAT = dwarf;
				ENABLE_STRICT_OBJC_MSGSEND = YES;
				ENABLE_TESTABILITY = YES;
				GCC_C_LANGUAGE_STANDARD = gnu99;
				GCC_DYNAMIC_NO_PIC = NO;
				GCC_NO_COMMON_BLOCKS = YES;
				GCC_OPTIMIZATION_LEVEL = 0;
				GCC_PREPROCESSOR_DEFINITIONS = (
					"DEBUG=1",
					"$(inherited)",
				);
				GCC_WARN_64_TO_32_BIT_CONVERSION = YES;
				GCC_WARN_ABOUT_RETURN_TYPE = YES_ERROR;
				GCC_WARN_UNDECLARED_SELECTOR = YES;
				GCC_WARN_UNINITIALIZED_AUTOS = YES_AGGRESSIVE;
				GCC_WARN_UNUSED_FUNCTION = YES;
				GCC_WARN_UNUSED_VARIABLE = YES;
				IPHONEOS_DEPLOYMENT_TARGET = 10.2;
				MTL_ENABLE_DEBUG_INFO = YES;
				ONLY_ACTIVE_ARCH = YES;
				SDKROOT = iphoneos;
				SWIFT_ACTIVE_COMPILATION_CONDITIONS = DEBUG;
				SWIFT_OPTIMIZATION_LEVEL = "-Onone";
			};
			name = Debug;
		};
		E25C338222540BBF00329ADD /* Release */ = {
			isa = XCBuildConfiguration;
			buildSettings = {
				ALWAYS_SEARCH_USER_PATHS = NO;
				CLANG_ANALYZER_NONNULL = YES;
				CLANG_CXX_LANGUAGE_STANDARD = "gnu++0x";
				CLANG_CXX_LIBRARY = "libc++";
				CLANG_ENABLE_MODULES = YES;
				CLANG_ENABLE_OBJC_ARC = YES;
				CLANG_WARN_BOOL_CONVERSION = YES;
				CLANG_WARN_CONSTANT_CONVERSION = YES;
				CLANG_WARN_DIRECT_OBJC_ISA_USAGE = YES_ERROR;
				CLANG_WARN_DOCUMENTATION_COMMENTS = YES;
				CLANG_WARN_EMPTY_BODY = YES;
				CLANG_WARN_ENUM_CONVERSION = YES;
				CLANG_WARN_INFINITE_RECURSION = YES;
				CLANG_WARN_INT_CONVERSION = YES;
				CLANG_WARN_OBJC_ROOT_CLASS = YES_ERROR;
				CLANG_WARN_SUSPICIOUS_MOVE = YES;
				CLANG_WARN_UNREACHABLE_CODE = YES;
				CLANG_WARN__DUPLICATE_METHOD_MATCH = YES;
				"CODE_SIGN_IDENTITY[sdk=iphoneos*]" = "iPhone Developer";
				COPY_PHASE_STRIP = NO;
				DEBUG_INFORMATION_FORMAT = "dwarf-with-dsym";
				ENABLE_NS_ASSERTIONS = NO;
				ENABLE_STRICT_OBJC_MSGSEND = YES;
				GCC_C_LANGUAGE_STANDARD = gnu99;
				GCC_NO_COMMON_BLOCKS = YES;
				GCC_WARN_64_TO_32_BIT_CONVERSION = YES;
				GCC_WARN_ABOUT_RETURN_TYPE = YES_ERROR;
				GCC_WARN_UNDECLARED_SELECTOR = YES;
				GCC_WARN_UNINITIALIZED_AUTOS = YES_AGGRESSIVE;
				GCC_WARN_UNUSED_FUNCTION = YES;
				GCC_WARN_UNUSED_VARIABLE = YES;
				IPHONEOS_DEPLOYMENT_TARGET = 10.2;
				MTL_ENABLE_DEBUG_INFO = NO;
				SDKROOT = iphoneos;
				SWIFT_OPTIMIZATION_LEVEL = "-Owholemodule";
				VALIDATE_PRODUCT = YES;
			};
			name = Release;
		};
		E25C338422540BBF00329ADD /* Debug */ = {
			isa = XCBuildConfiguration;
			baseConfigurationReference = 8BB5F6ED88D852B5ABC56818 /* Pods-AflamiApp.debug.xcconfig */;
			buildSettings = {
				ASSETCATALOG_COMPILER_APPICON_NAME = AppIcon;
				DEVELOPMENT_TEAM = JUUZV79G5F;
				INFOPLIST_FILE = AflamiApp/Info.plist;
				LD_RUNPATH_SEARCH_PATHS = "$(inherited) @executable_path/Frameworks";
				PRODUCT_BUNDLE_IDENTIFIER = eg.com.iti.AflamiApp;
				PRODUCT_NAME = "$(TARGET_NAME)";
				SWIFT_VERSION = 3.0;
			};
			name = Debug;
		};
		E25C338522540BBF00329ADD /* Release */ = {
			isa = XCBuildConfiguration;
			baseConfigurationReference = 12DAE428B47BF66F9CFA1A68 /* Pods-AflamiApp.release.xcconfig */;
			buildSettings = {
				ASSETCATALOG_COMPILER_APPICON_NAME = AppIcon;
				DEVELOPMENT_TEAM = JUUZV79G5F;
				INFOPLIST_FILE = AflamiApp/Info.plist;
				LD_RUNPATH_SEARCH_PATHS = "$(inherited) @executable_path/Frameworks";
				PRODUCT_BUNDLE_IDENTIFIER = eg.com.iti.AflamiApp;
				PRODUCT_NAME = "$(TARGET_NAME)";
				SWIFT_VERSION = 3.0;
			};
			name = Release;
		};
		E25C338722540BBF00329ADD /* Debug */ = {
			isa = XCBuildConfiguration;
			baseConfigurationReference = 832618AAC18282FE7E253CE5 /* Pods-AflamiAppTests.debug.xcconfig */;
			buildSettings = {
				ALWAYS_EMBED_SWIFT_STANDARD_LIBRARIES = YES;
				BUNDLE_LOADER = "$(TEST_HOST)";
				DEVELOPMENT_TEAM = JUUZV79G5F;
				INFOPLIST_FILE = AflamiAppTests/Info.plist;
				LD_RUNPATH_SEARCH_PATHS = "$(inherited) @executable_path/Frameworks @loader_path/Frameworks";
				PRODUCT_BUNDLE_IDENTIFIER = eg.com.iti.AflamiAppTests;
				PRODUCT_NAME = "$(TARGET_NAME)";
				SWIFT_VERSION = 3.0;
				TEST_HOST = "$(BUILT_PRODUCTS_DIR)/AflamiApp.app/AflamiApp";
			};
			name = Debug;
		};
		E25C338822540BBF00329ADD /* Release */ = {
			isa = XCBuildConfiguration;
			baseConfigurationReference = 3F105BC8AD3CEDDD4BB9ABDE /* Pods-AflamiAppTests.release.xcconfig */;
			buildSettings = {
				ALWAYS_EMBED_SWIFT_STANDARD_LIBRARIES = YES;
				BUNDLE_LOADER = "$(TEST_HOST)";
				DEVELOPMENT_TEAM = JUUZV79G5F;
				INFOPLIST_FILE = AflamiAppTests/Info.plist;
				LD_RUNPATH_SEARCH_PATHS = "$(inherited) @executable_path/Frameworks @loader_path/Frameworks";
				PRODUCT_BUNDLE_IDENTIFIER = eg.com.iti.AflamiAppTests;
				PRODUCT_NAME = "$(TARGET_NAME)";
				SWIFT_VERSION = 3.0;
				TEST_HOST = "$(BUILT_PRODUCTS_DIR)/AflamiApp.app/AflamiApp";
			};
			name = Release;
		};
		E25C338A22540BBF00329ADD /* Debug */ = {
			isa = XCBuildConfiguration;
			baseConfigurationReference = FCE34CB7ED792EAF04C9BD6E /* Pods-AflamiAppUITests.debug.xcconfig */;
			buildSettings = {
				ALWAYS_EMBED_SWIFT_STANDARD_LIBRARIES = YES;
				DEVELOPMENT_TEAM = JUUZV79G5F;
				INFOPLIST_FILE = AflamiAppUITests/Info.plist;
				LD_RUNPATH_SEARCH_PATHS = "$(inherited) @executable_path/Frameworks @loader_path/Frameworks";
				PRODUCT_BUNDLE_IDENTIFIER = eg.com.iti.AflamiAppUITests;
				PRODUCT_NAME = "$(TARGET_NAME)";
				SWIFT_VERSION = 3.0;
				TEST_TARGET_NAME = AflamiApp;
			};
			name = Debug;
		};
		E25C338B22540BBF00329ADD /* Release */ = {
			isa = XCBuildConfiguration;
			baseConfigurationReference = 53B4FB5DA008277F446FED59 /* Pods-AflamiAppUITests.release.xcconfig */;
			buildSettings = {
				ALWAYS_EMBED_SWIFT_STANDARD_LIBRARIES = YES;
				DEVELOPMENT_TEAM = JUUZV79G5F;
				INFOPLIST_FILE = AflamiAppUITests/Info.plist;
				LD_RUNPATH_SEARCH_PATHS = "$(inherited) @executable_path/Frameworks @loader_path/Frameworks";
				PRODUCT_BUNDLE_IDENTIFIER = eg.com.iti.AflamiAppUITests;
				PRODUCT_NAME = "$(TARGET_NAME)";
				SWIFT_VERSION = 3.0;
				TEST_TARGET_NAME = AflamiApp;
			};
			name = Release;
		};
/* End XCBuildConfiguration section */

/* Begin XCConfigurationList section */
		E25C335322540BBE00329ADD /* Build configuration list for PBXProject "AflamiApp" */ = {
			isa = XCConfigurationList;
			buildConfigurations = (
				E25C338122540BBF00329ADD /* Debug */,
				E25C338222540BBF00329ADD /* Release */,
			);
			defaultConfigurationIsVisible = 0;
			defaultConfigurationName = Release;
		};
		E25C338322540BBF00329ADD /* Build configuration list for PBXNativeTarget "AflamiApp" */ = {
			isa = XCConfigurationList;
			buildConfigurations = (
				E25C338422540BBF00329ADD /* Debug */,
				E25C338522540BBF00329ADD /* Release */,
			);
			defaultConfigurationIsVisible = 0;
			defaultConfigurationName = Release;
		};
		E25C338622540BBF00329ADD /* Build configuration list for PBXNativeTarget "AflamiAppTests" */ = {
			isa = XCConfigurationList;
			buildConfigurations = (
				E25C338722540BBF00329ADD /* Debug */,
				E25C338822540BBF00329ADD /* Release */,
			);
			defaultConfigurationIsVisible = 0;
			defaultConfigurationName = Release;
		};
		E25C338922540BBF00329ADD /* Build configuration list for PBXNativeTarget "AflamiAppUITests" */ = {
			isa = XCConfigurationList;
			buildConfigurations = (
				E25C338A22540BBF00329ADD /* Debug */,
				E25C338B22540BBF00329ADD /* Release */,
			);
			defaultConfigurationIsVisible = 0;
			defaultConfigurationName = Release;
		};
/* End XCConfigurationList section */

/* Begin XCVersionGroup section */
		E25C336222540BBF00329ADD /* AflamiApp.xcdatamodeld */ = {
			isa = XCVersionGroup;
			children = (
				E25C336322540BBF00329ADD /* AflamiApp.xcdatamodel */,
			);
			currentVersion = E25C336322540BBF00329ADD /* AflamiApp.xcdatamodel */;
			path = AflamiApp.xcdatamodeld;
			sourceTree = "<group>";
			versionGroupType = wrapper.xcdatamodel;
		};
/* End XCVersionGroup section */
	};
	rootObject = E25C335022540BBE00329ADD /* Project object */;
}
